
Microsoft Visual Studio Solution File, Format Version 12.00
# Visual Studio Version 16
VisualStudioVersion = 16.0.31019.35
MinimumVisualStudioVersion = 10.0.40219.1
Project("{9A19103F-16F7-4668-BE54-9A1E7A4F7556}") = "Urho3DNet.Actions", "Urho3DNet.Actions\Urho3DNet.Actions.csproj", "{930EC780-7757-4F59-B9E7-33180AE989E8}"
EndProject
Project("{9A19103F-16F7-4668-BE54-9A1E7A4F7556}") = "Urho3DNet.Actions.Tests", "Urho3DNet.Actions.Tests\Urho3DNet.Actions.Tests.csproj", "{29AB2FD1-44B0-4AF5-92D0-025C714BEAA0}"
EndProject
Project("{9A19103F-16F7-4668-BE54-9A1E7A4F7556}") = "Urho3DNet.InputEvents", "Urho3DNet.InputEvents\Urho3DNet.InputEvents.csproj", "{C43B1A94-1DB5-4109-B11B-E6D804570F8B}"
EndProject
Project("{9A19103F-16F7-4668-BE54-9A1E7A4F7556}") = "Urho3DNet.Skia", "Urho3DNet.Skia\Urho3DNet.Skia.csproj", "{F80A2C12-2174-4609-910B-A64021C13356}"
EndProject
Project("{9A19103F-16F7-4668-BE54-9A1E7A4F7556}") = "Urho3DNet.Samples", "Urho3DNet.Samples\Urho3DNet.Samples.csproj", "{8FD2602B-FC45-462D-82DC-1537DCD27E03}"
EndProject
Project("{9A19103F-16F7-4668-BE54-9A1E7A4F7556}") = "Urho3DNet.SampleApp", "Urho3DNet.SampleApp\Urho3DNet.SampleApp.csproj", "{E0633BAC-1478-4EA2-871C-0E27357812A2}"
EndProject
Project("{FAE04EC0-301F-11D3-BF4B-00C04F79EFBC}") = "Urho3DNet.AndroidSamples", "Urho3DNet.AndroidSamples\Urho3DNet.AndroidSamples.csproj", "{42E9BE33-B506-4105-8523-F16094994FC1}"
EndProject
Project("{9A19103F-16F7-4668-BE54-9A1E7A4F7556}") = "Urho3DNet.Avalonia", "Urho3DNet.Avalonia\Urho3DNet.Avalonia.csproj", "{4CFEA06B-D621-4F43-892F-C642A1338092}"
EndProject
Project("{9A19103F-16F7-4668-BE54-9A1E7A4F7556}") = "Urho3DNet.Editor", "Urho3DNet.Editor\Urho3DNet.Editor.csproj", "{45B9DCB0-4951-4EF9-BCF0-84737C6DC843}"
EndProject
Project("{9A19103F-16F7-4668-BE54-9A1E7A4F7556}") = "Urho3DNet.Config", "Urho3DNet.Config\Urho3DNet.Config.csproj", "{D8A40D56-10CE-48BA-BFBD-D7786ACB248A}"
EndProject
Project("{FAE04EC0-301F-11D3-BF4B-00C04F79EFBC}") = "Urho3DNet.Samples.UWP", "Urho3DNet.Samples.UWP\Urho3DNet.Samples.UWP.csproj", "{023D0668-2FB9-4378-A4A8-74B19435063C}"
EndProject
Project("{FAE04EC0-301F-11D3-BF4B-00C04F79EFBC}") = "Urho3DNet.UserInterface", "Urho3DNet.UserInterface\Urho3DNet.UserInterface.csproj", "{EFB1EB71-064D-417E-855B-11175754A250}"
EndProject
Global
	GlobalSection(SolutionConfigurationPlatforms) = preSolution
		Debug|Any CPU = Debug|Any CPU
		Debug|ARM = Debug|ARM
		Debug|ARM64 = Debug|ARM64
		Debug|x64 = Debug|x64
		Debug|x86 = Debug|x86
		Release|Any CPU = Release|Any CPU
		Release|ARM = Release|ARM
		Release|ARM64 = Release|ARM64
		Release|x64 = Release|x64
		Release|x86 = Release|x86
	EndGlobalSection
	GlobalSection(ProjectConfigurationPlatforms) = postSolution
		{930EC780-7757-4F59-B9E7-33180AE989E8}.Debug|Any CPU.ActiveCfg = Debug|Any CPU
		{930EC780-7757-4F59-B9E7-33180AE989E8}.Debug|Any CPU.Build.0 = Debug|Any CPU
		{930EC780-7757-4F59-B9E7-33180AE989E8}.Debug|ARM.ActiveCfg = Debug|Any CPU
		{930EC780-7757-4F59-B9E7-33180AE989E8}.Debug|ARM.Build.0 = Debug|Any CPU
		{930EC780-7757-4F59-B9E7-33180AE989E8}.Debug|ARM64.ActiveCfg = Debug|Any CPU
		{930EC780-7757-4F59-B9E7-33180AE989E8}.Debug|ARM64.Build.0 = Debug|Any CPU
		{930EC780-7757-4F59-B9E7-33180AE989E8}.Debug|x64.ActiveCfg = Debug|Any CPU
		{930EC780-7757-4F59-B9E7-33180AE989E8}.Debug|x64.Build.0 = Debug|Any CPU
		{930EC780-7757-4F59-B9E7-33180AE989E8}.Debug|x86.ActiveCfg = Debug|Any CPU
		{930EC780-7757-4F59-B9E7-33180AE989E8}.Debug|x86.Build.0 = Debug|Any CPU
		{930EC780-7757-4F59-B9E7-33180AE989E8}.Release|Any CPU.ActiveCfg = Release|Any CPU
		{930EC780-7757-4F59-B9E7-33180AE989E8}.Release|Any CPU.Build.0 = Release|Any CPU
		{930EC780-7757-4F59-B9E7-33180AE989E8}.Release|ARM.ActiveCfg = Release|Any CPU
		{930EC780-7757-4F59-B9E7-33180AE989E8}.Release|ARM.Build.0 = Release|Any CPU
		{930EC780-7757-4F59-B9E7-33180AE989E8}.Release|ARM64.ActiveCfg = Release|Any CPU
		{930EC780-7757-4F59-B9E7-33180AE989E8}.Release|ARM64.Build.0 = Release|Any CPU
		{930EC780-7757-4F59-B9E7-33180AE989E8}.Release|x64.ActiveCfg = Release|Any CPU
		{930EC780-7757-4F59-B9E7-33180AE989E8}.Release|x64.Build.0 = Release|Any CPU
		{930EC780-7757-4F59-B9E7-33180AE989E8}.Release|x86.ActiveCfg = Release|Any CPU
		{930EC780-7757-4F59-B9E7-33180AE989E8}.Release|x86.Build.0 = Release|Any CPU
		{29AB2FD1-44B0-4AF5-92D0-025C714BEAA0}.Debug|Any CPU.ActiveCfg = Debug|Any CPU
		{29AB2FD1-44B0-4AF5-92D0-025C714BEAA0}.Debug|Any CPU.Build.0 = Debug|Any CPU
		{29AB2FD1-44B0-4AF5-92D0-025C714BEAA0}.Debug|ARM.ActiveCfg = Debug|Any CPU
		{29AB2FD1-44B0-4AF5-92D0-025C714BEAA0}.Debug|ARM.Build.0 = Debug|Any CPU
		{29AB2FD1-44B0-4AF5-92D0-025C714BEAA0}.Debug|ARM64.ActiveCfg = Debug|Any CPU
		{29AB2FD1-44B0-4AF5-92D0-025C714BEAA0}.Debug|ARM64.Build.0 = Debug|Any CPU
		{29AB2FD1-44B0-4AF5-92D0-025C714BEAA0}.Debug|x64.ActiveCfg = Debug|Any CPU
		{29AB2FD1-44B0-4AF5-92D0-025C714BEAA0}.Debug|x64.Build.0 = Debug|Any CPU
		{29AB2FD1-44B0-4AF5-92D0-025C714BEAA0}.Debug|x86.ActiveCfg = Debug|Any CPU
		{29AB2FD1-44B0-4AF5-92D0-025C714BEAA0}.Debug|x86.Build.0 = Debug|Any CPU
		{29AB2FD1-44B0-4AF5-92D0-025C714BEAA0}.Release|Any CPU.ActiveCfg = Release|Any CPU
		{29AB2FD1-44B0-4AF5-92D0-025C714BEAA0}.Release|Any CPU.Build.0 = Release|Any CPU
		{29AB2FD1-44B0-4AF5-92D0-025C714BEAA0}.Release|ARM.ActiveCfg = Release|Any CPU
		{29AB2FD1-44B0-4AF5-92D0-025C714BEAA0}.Release|ARM.Build.0 = Release|Any CPU
		{29AB2FD1-44B0-4AF5-92D0-025C714BEAA0}.Release|ARM64.ActiveCfg = Release|Any CPU
		{29AB2FD1-44B0-4AF5-92D0-025C714BEAA0}.Release|ARM64.Build.0 = Release|Any CPU
		{29AB2FD1-44B0-4AF5-92D0-025C714BEAA0}.Release|x64.ActiveCfg = Release|Any CPU
		{29AB2FD1-44B0-4AF5-92D0-025C714BEAA0}.Release|x64.Build.0 = Release|Any CPU
		{29AB2FD1-44B0-4AF5-92D0-025C714BEAA0}.Release|x86.ActiveCfg = Release|Any CPU
		{29AB2FD1-44B0-4AF5-92D0-025C714BEAA0}.Release|x86.Build.0 = Release|Any CPU
		{C43B1A94-1DB5-4109-B11B-E6D804570F8B}.Debug|Any CPU.ActiveCfg = Debug|Any CPU
		{C43B1A94-1DB5-4109-B11B-E6D804570F8B}.Debug|Any CPU.Build.0 = Debug|Any CPU
		{C43B1A94-1DB5-4109-B11B-E6D804570F8B}.Debug|ARM.ActiveCfg = Debug|Any CPU
		{C43B1A94-1DB5-4109-B11B-E6D804570F8B}.Debug|ARM.Build.0 = Debug|Any CPU
		{C43B1A94-1DB5-4109-B11B-E6D804570F8B}.Debug|ARM64.ActiveCfg = Debug|Any CPU
		{C43B1A94-1DB5-4109-B11B-E6D804570F8B}.Debug|ARM64.Build.0 = Debug|Any CPU
		{C43B1A94-1DB5-4109-B11B-E6D804570F8B}.Debug|x64.ActiveCfg = Debug|Any CPU
		{C43B1A94-1DB5-4109-B11B-E6D804570F8B}.Debug|x64.Build.0 = Debug|Any CPU
		{C43B1A94-1DB5-4109-B11B-E6D804570F8B}.Debug|x86.ActiveCfg = Debug|Any CPU
		{C43B1A94-1DB5-4109-B11B-E6D804570F8B}.Debug|x86.Build.0 = Debug|Any CPU
		{C43B1A94-1DB5-4109-B11B-E6D804570F8B}.Release|Any CPU.ActiveCfg = Release|Any CPU
		{C43B1A94-1DB5-4109-B11B-E6D804570F8B}.Release|Any CPU.Build.0 = Release|Any CPU
		{C43B1A94-1DB5-4109-B11B-E6D804570F8B}.Release|ARM.ActiveCfg = Release|Any CPU
		{C43B1A94-1DB5-4109-B11B-E6D804570F8B}.Release|ARM.Build.0 = Release|Any CPU
		{C43B1A94-1DB5-4109-B11B-E6D804570F8B}.Release|ARM64.ActiveCfg = Release|Any CPU
		{C43B1A94-1DB5-4109-B11B-E6D804570F8B}.Release|ARM64.Build.0 = Release|Any CPU
		{C43B1A94-1DB5-4109-B11B-E6D804570F8B}.Release|x64.ActiveCfg = Release|Any CPU
		{C43B1A94-1DB5-4109-B11B-E6D804570F8B}.Release|x64.Build.0 = Release|Any CPU
		{C43B1A94-1DB5-4109-B11B-E6D804570F8B}.Release|x86.ActiveCfg = Release|Any CPU
		{C43B1A94-1DB5-4109-B11B-E6D804570F8B}.Release|x86.Build.0 = Release|Any CPU
		{F80A2C12-2174-4609-910B-A64021C13356}.Debug|Any CPU.ActiveCfg = Debug|Any CPU
		{F80A2C12-2174-4609-910B-A64021C13356}.Debug|Any CPU.Build.0 = Debug|Any CPU
		{F80A2C12-2174-4609-910B-A64021C13356}.Debug|ARM.ActiveCfg = Debug|Any CPU
		{F80A2C12-2174-4609-910B-A64021C13356}.Debug|ARM.Build.0 = Debug|Any CPU
		{F80A2C12-2174-4609-910B-A64021C13356}.Debug|ARM64.ActiveCfg = Debug|Any CPU
		{F80A2C12-2174-4609-910B-A64021C13356}.Debug|ARM64.Build.0 = Debug|Any CPU
		{F80A2C12-2174-4609-910B-A64021C13356}.Debug|x64.ActiveCfg = Debug|Any CPU
		{F80A2C12-2174-4609-910B-A64021C13356}.Debug|x64.Build.0 = Debug|Any CPU
		{F80A2C12-2174-4609-910B-A64021C13356}.Debug|x86.ActiveCfg = Debug|Any CPU
		{F80A2C12-2174-4609-910B-A64021C13356}.Debug|x86.Build.0 = Debug|Any CPU
		{F80A2C12-2174-4609-910B-A64021C13356}.Release|Any CPU.ActiveCfg = Release|Any CPU
		{F80A2C12-2174-4609-910B-A64021C13356}.Release|Any CPU.Build.0 = Release|Any CPU
		{F80A2C12-2174-4609-910B-A64021C13356}.Release|ARM.ActiveCfg = Release|Any CPU
		{F80A2C12-2174-4609-910B-A64021C13356}.Release|ARM.Build.0 = Release|Any CPU
		{F80A2C12-2174-4609-910B-A64021C13356}.Release|ARM64.ActiveCfg = Release|Any CPU
		{F80A2C12-2174-4609-910B-A64021C13356}.Release|ARM64.Build.0 = Release|Any CPU
		{F80A2C12-2174-4609-910B-A64021C13356}.Release|x64.ActiveCfg = Release|Any CPU
		{F80A2C12-2174-4609-910B-A64021C13356}.Release|x64.Build.0 = Release|Any CPU
		{F80A2C12-2174-4609-910B-A64021C13356}.Release|x86.ActiveCfg = Release|Any CPU
		{F80A2C12-2174-4609-910B-A64021C13356}.Release|x86.Build.0 = Release|Any CPU
		{8FD2602B-FC45-462D-82DC-1537DCD27E03}.Debug|Any CPU.ActiveCfg = Debug|Any CPU
		{8FD2602B-FC45-462D-82DC-1537DCD27E03}.Debug|Any CPU.Build.0 = Debug|Any CPU
		{8FD2602B-FC45-462D-82DC-1537DCD27E03}.Debug|ARM.ActiveCfg = Debug|Any CPU
		{8FD2602B-FC45-462D-82DC-1537DCD27E03}.Debug|ARM.Build.0 = Debug|Any CPU
		{8FD2602B-FC45-462D-82DC-1537DCD27E03}.Debug|ARM64.ActiveCfg = Debug|Any CPU
		{8FD2602B-FC45-462D-82DC-1537DCD27E03}.Debug|ARM64.Build.0 = Debug|Any CPU
		{8FD2602B-FC45-462D-82DC-1537DCD27E03}.Debug|x64.ActiveCfg = Debug|Any CPU
		{8FD2602B-FC45-462D-82DC-1537DCD27E03}.Debug|x64.Build.0 = Debug|Any CPU
		{8FD2602B-FC45-462D-82DC-1537DCD27E03}.Debug|x86.ActiveCfg = Debug|Any CPU
		{8FD2602B-FC45-462D-82DC-1537DCD27E03}.Debug|x86.Build.0 = Debug|Any CPU
		{8FD2602B-FC45-462D-82DC-1537DCD27E03}.Release|Any CPU.ActiveCfg = Release|Any CPU
		{8FD2602B-FC45-462D-82DC-1537DCD27E03}.Release|Any CPU.Build.0 = Release|Any CPU
		{8FD2602B-FC45-462D-82DC-1537DCD27E03}.Release|ARM.ActiveCfg = Release|Any CPU
		{8FD2602B-FC45-462D-82DC-1537DCD27E03}.Release|ARM.Build.0 = Release|Any CPU
		{8FD2602B-FC45-462D-82DC-1537DCD27E03}.Release|ARM64.ActiveCfg = Release|Any CPU
		{8FD2602B-FC45-462D-82DC-1537DCD27E03}.Release|ARM64.Build.0 = Release|Any CPU
		{8FD2602B-FC45-462D-82DC-1537DCD27E03}.Release|x64.ActiveCfg = Release|Any CPU
		{8FD2602B-FC45-462D-82DC-1537DCD27E03}.Release|x64.Build.0 = Release|Any CPU
		{8FD2602B-FC45-462D-82DC-1537DCD27E03}.Release|x86.ActiveCfg = Release|Any CPU
		{8FD2602B-FC45-462D-82DC-1537DCD27E03}.Release|x86.Build.0 = Release|Any CPU
		{E0633BAC-1478-4EA2-871C-0E27357812A2}.Debug|Any CPU.ActiveCfg = Debug|Any CPU
		{E0633BAC-1478-4EA2-871C-0E27357812A2}.Debug|Any CPU.Build.0 = Debug|Any CPU
		{E0633BAC-1478-4EA2-871C-0E27357812A2}.Debug|ARM.ActiveCfg = Debug|Any CPU
		{E0633BAC-1478-4EA2-871C-0E27357812A2}.Debug|ARM.Build.0 = Debug|Any CPU
		{E0633BAC-1478-4EA2-871C-0E27357812A2}.Debug|ARM64.ActiveCfg = Debug|Any CPU
		{E0633BAC-1478-4EA2-871C-0E27357812A2}.Debug|ARM64.Build.0 = Debug|Any CPU
		{E0633BAC-1478-4EA2-871C-0E27357812A2}.Debug|x64.ActiveCfg = Debug|Any CPU
		{E0633BAC-1478-4EA2-871C-0E27357812A2}.Debug|x64.Build.0 = Debug|Any CPU
		{E0633BAC-1478-4EA2-871C-0E27357812A2}.Debug|x86.ActiveCfg = Debug|Any CPU
		{E0633BAC-1478-4EA2-871C-0E27357812A2}.Debug|x86.Build.0 = Debug|Any CPU
		{E0633BAC-1478-4EA2-871C-0E27357812A2}.Release|Any CPU.ActiveCfg = Release|Any CPU
		{E0633BAC-1478-4EA2-871C-0E27357812A2}.Release|Any CPU.Build.0 = Release|Any CPU
		{E0633BAC-1478-4EA2-871C-0E27357812A2}.Release|ARM.ActiveCfg = Release|Any CPU
		{E0633BAC-1478-4EA2-871C-0E27357812A2}.Release|ARM.Build.0 = Release|Any CPU
		{E0633BAC-1478-4EA2-871C-0E27357812A2}.Release|ARM64.ActiveCfg = Release|Any CPU
		{E0633BAC-1478-4EA2-871C-0E27357812A2}.Release|ARM64.Build.0 = Release|Any CPU
		{E0633BAC-1478-4EA2-871C-0E27357812A2}.Release|x64.ActiveCfg = Release|Any CPU
		{E0633BAC-1478-4EA2-871C-0E27357812A2}.Release|x64.Build.0 = Release|Any CPU
		{E0633BAC-1478-4EA2-871C-0E27357812A2}.Release|x86.ActiveCfg = Release|Any CPU
		{E0633BAC-1478-4EA2-871C-0E27357812A2}.Release|x86.Build.0 = Release|Any CPU
		{42E9BE33-B506-4105-8523-F16094994FC1}.Debug|Any CPU.ActiveCfg = Debug|Any CPU
		{42E9BE33-B506-4105-8523-F16094994FC1}.Debug|Any CPU.Build.0 = Debug|Any CPU
		{42E9BE33-B506-4105-8523-F16094994FC1}.Debug|Any CPU.Deploy.0 = Debug|Any CPU
		{42E9BE33-B506-4105-8523-F16094994FC1}.Debug|ARM.ActiveCfg = Debug|Any CPU
		{42E9BE33-B506-4105-8523-F16094994FC1}.Debug|ARM.Build.0 = Debug|Any CPU
		{42E9BE33-B506-4105-8523-F16094994FC1}.Debug|ARM.Deploy.0 = Debug|Any CPU
		{42E9BE33-B506-4105-8523-F16094994FC1}.Debug|ARM64.ActiveCfg = Debug|Any CPU
		{42E9BE33-B506-4105-8523-F16094994FC1}.Debug|ARM64.Build.0 = Debug|Any CPU
		{42E9BE33-B506-4105-8523-F16094994FC1}.Debug|ARM64.Deploy.0 = Debug|Any CPU
		{42E9BE33-B506-4105-8523-F16094994FC1}.Debug|x64.ActiveCfg = Debug|Any CPU
		{42E9BE33-B506-4105-8523-F16094994FC1}.Debug|x64.Build.0 = Debug|Any CPU
		{42E9BE33-B506-4105-8523-F16094994FC1}.Debug|x64.Deploy.0 = Debug|Any CPU
		{42E9BE33-B506-4105-8523-F16094994FC1}.Debug|x86.ActiveCfg = Debug|Any CPU
		{42E9BE33-B506-4105-8523-F16094994FC1}.Debug|x86.Build.0 = Debug|Any CPU
		{42E9BE33-B506-4105-8523-F16094994FC1}.Debug|x86.Deploy.0 = Debug|Any CPU
		{42E9BE33-B506-4105-8523-F16094994FC1}.Release|Any CPU.ActiveCfg = Release|Any CPU
		{42E9BE33-B506-4105-8523-F16094994FC1}.Release|Any CPU.Build.0 = Release|Any CPU
		{42E9BE33-B506-4105-8523-F16094994FC1}.Release|Any CPU.Deploy.0 = Release|Any CPU
		{42E9BE33-B506-4105-8523-F16094994FC1}.Release|ARM.ActiveCfg = Release|Any CPU
		{42E9BE33-B506-4105-8523-F16094994FC1}.Release|ARM.Build.0 = Release|Any CPU
		{42E9BE33-B506-4105-8523-F16094994FC1}.Release|ARM.Deploy.0 = Release|Any CPU
		{42E9BE33-B506-4105-8523-F16094994FC1}.Release|ARM64.ActiveCfg = Release|Any CPU
		{42E9BE33-B506-4105-8523-F16094994FC1}.Release|ARM64.Build.0 = Release|Any CPU
		{42E9BE33-B506-4105-8523-F16094994FC1}.Release|ARM64.Deploy.0 = Release|Any CPU
		{42E9BE33-B506-4105-8523-F16094994FC1}.Release|x64.ActiveCfg = Release|Any CPU
		{42E9BE33-B506-4105-8523-F16094994FC1}.Release|x64.Build.0 = Release|Any CPU
		{42E9BE33-B506-4105-8523-F16094994FC1}.Release|x64.Deploy.0 = Release|Any CPU
		{42E9BE33-B506-4105-8523-F16094994FC1}.Release|x86.ActiveCfg = Release|Any CPU
		{42E9BE33-B506-4105-8523-F16094994FC1}.Release|x86.Build.0 = Release|Any CPU
		{42E9BE33-B506-4105-8523-F16094994FC1}.Release|x86.Deploy.0 = Release|Any CPU
		{4CFEA06B-D621-4F43-892F-C642A1338092}.Debug|Any CPU.ActiveCfg = Debug|Any CPU
		{4CFEA06B-D621-4F43-892F-C642A1338092}.Debug|Any CPU.Build.0 = Debug|Any CPU
		{4CFEA06B-D621-4F43-892F-C642A1338092}.Debug|ARM.ActiveCfg = Debug|Any CPU
		{4CFEA06B-D621-4F43-892F-C642A1338092}.Debug|ARM.Build.0 = Debug|Any CPU
		{4CFEA06B-D621-4F43-892F-C642A1338092}.Debug|ARM64.ActiveCfg = Debug|Any CPU
		{4CFEA06B-D621-4F43-892F-C642A1338092}.Debug|ARM64.Build.0 = Debug|Any CPU
		{4CFEA06B-D621-4F43-892F-C642A1338092}.Debug|x64.ActiveCfg = Debug|Any CPU
		{4CFEA06B-D621-4F43-892F-C642A1338092}.Debug|x64.Build.0 = Debug|Any CPU
		{4CFEA06B-D621-4F43-892F-C642A1338092}.Debug|x86.ActiveCfg = Debug|Any CPU
		{4CFEA06B-D621-4F43-892F-C642A1338092}.Debug|x86.Build.0 = Debug|Any CPU
		{4CFEA06B-D621-4F43-892F-C642A1338092}.Release|Any CPU.ActiveCfg = Release|Any CPU
		{4CFEA06B-D621-4F43-892F-C642A1338092}.Release|Any CPU.Build.0 = Release|Any CPU
		{4CFEA06B-D621-4F43-892F-C642A1338092}.Release|ARM.ActiveCfg = Release|Any CPU
		{4CFEA06B-D621-4F43-892F-C642A1338092}.Release|ARM.Build.0 = Release|Any CPU
		{4CFEA06B-D621-4F43-892F-C642A1338092}.Release|ARM64.ActiveCfg = Release|Any CPU
		{4CFEA06B-D621-4F43-892F-C642A1338092}.Release|ARM64.Build.0 = Release|Any CPU
		{4CFEA06B-D621-4F43-892F-C642A1338092}.Release|x64.ActiveCfg = Release|Any CPU
		{4CFEA06B-D621-4F43-892F-C642A1338092}.Release|x64.Build.0 = Release|Any CPU
		{4CFEA06B-D621-4F43-892F-C642A1338092}.Release|x86.ActiveCfg = Release|Any CPU
		{4CFEA06B-D621-4F43-892F-C642A1338092}.Release|x86.Build.0 = Release|Any CPU
		{45B9DCB0-4951-4EF9-BCF0-84737C6DC843}.Debug|Any CPU.ActiveCfg = Debug|Any CPU
		{45B9DCB0-4951-4EF9-BCF0-84737C6DC843}.Debug|Any CPU.Build.0 = Debug|Any CPU
		{45B9DCB0-4951-4EF9-BCF0-84737C6DC843}.Debug|ARM.ActiveCfg = Debug|Any CPU
		{45B9DCB0-4951-4EF9-BCF0-84737C6DC843}.Debug|ARM.Build.0 = Debug|Any CPU
		{45B9DCB0-4951-4EF9-BCF0-84737C6DC843}.Debug|ARM64.ActiveCfg = Debug|Any CPU
		{45B9DCB0-4951-4EF9-BCF0-84737C6DC843}.Debug|ARM64.Build.0 = Debug|Any CPU
		{45B9DCB0-4951-4EF9-BCF0-84737C6DC843}.Debug|x64.ActiveCfg = Debug|Any CPU
		{45B9DCB0-4951-4EF9-BCF0-84737C6DC843}.Debug|x64.Build.0 = Debug|Any CPU
		{45B9DCB0-4951-4EF9-BCF0-84737C6DC843}.Debug|x86.ActiveCfg = Debug|Any CPU
		{45B9DCB0-4951-4EF9-BCF0-84737C6DC843}.Debug|x86.Build.0 = Debug|Any CPU
		{45B9DCB0-4951-4EF9-BCF0-84737C6DC843}.Release|Any CPU.ActiveCfg = Release|Any CPU
		{45B9DCB0-4951-4EF9-BCF0-84737C6DC843}.Release|Any CPU.Build.0 = Release|Any CPU
		{45B9DCB0-4951-4EF9-BCF0-84737C6DC843}.Release|ARM.ActiveCfg = Release|Any CPU
		{45B9DCB0-4951-4EF9-BCF0-84737C6DC843}.Release|ARM.Build.0 = Release|Any CPU
		{45B9DCB0-4951-4EF9-BCF0-84737C6DC843}.Release|ARM64.ActiveCfg = Release|Any CPU
		{45B9DCB0-4951-4EF9-BCF0-84737C6DC843}.Release|ARM64.Build.0 = Release|Any CPU
		{45B9DCB0-4951-4EF9-BCF0-84737C6DC843}.Release|x64.ActiveCfg = Release|Any CPU
		{45B9DCB0-4951-4EF9-BCF0-84737C6DC843}.Release|x64.Build.0 = Release|Any CPU
		{45B9DCB0-4951-4EF9-BCF0-84737C6DC843}.Release|x86.ActiveCfg = Release|Any CPU
		{45B9DCB0-4951-4EF9-BCF0-84737C6DC843}.Release|x86.Build.0 = Release|Any CPU
		{D8A40D56-10CE-48BA-BFBD-D7786ACB248A}.Debug|Any CPU.ActiveCfg = Debug|Any CPU
		{D8A40D56-10CE-48BA-BFBD-D7786ACB248A}.Debug|Any CPU.Build.0 = Debug|Any CPU
		{D8A40D56-10CE-48BA-BFBD-D7786ACB248A}.Debug|ARM.ActiveCfg = Debug|Any CPU
		{D8A40D56-10CE-48BA-BFBD-D7786ACB248A}.Debug|ARM.Build.0 = Debug|Any CPU
		{D8A40D56-10CE-48BA-BFBD-D7786ACB248A}.Debug|ARM64.ActiveCfg = Debug|Any CPU
		{D8A40D56-10CE-48BA-BFBD-D7786ACB248A}.Debug|ARM64.Build.0 = Debug|Any CPU
		{D8A40D56-10CE-48BA-BFBD-D7786ACB248A}.Debug|x64.ActiveCfg = Debug|Any CPU
		{D8A40D56-10CE-48BA-BFBD-D7786ACB248A}.Debug|x64.Build.0 = Debug|Any CPU
		{D8A40D56-10CE-48BA-BFBD-D7786ACB248A}.Debug|x86.ActiveCfg = Debug|Any CPU
		{D8A40D56-10CE-48BA-BFBD-D7786ACB248A}.Debug|x86.Build.0 = Debug|Any CPU
		{D8A40D56-10CE-48BA-BFBD-D7786ACB248A}.Release|Any CPU.ActiveCfg = Release|Any CPU
		{D8A40D56-10CE-48BA-BFBD-D7786ACB248A}.Release|Any CPU.Build.0 = Release|Any CPU
		{D8A40D56-10CE-48BA-BFBD-D7786ACB248A}.Release|ARM.ActiveCfg = Release|Any CPU
		{D8A40D56-10CE-48BA-BFBD-D7786ACB248A}.Release|ARM.Build.0 = Release|Any CPU
		{D8A40D56-10CE-48BA-BFBD-D7786ACB248A}.Release|ARM64.ActiveCfg = Release|Any CPU
		{D8A40D56-10CE-48BA-BFBD-D7786ACB248A}.Release|ARM64.Build.0 = Release|Any CPU
		{D8A40D56-10CE-48BA-BFBD-D7786ACB248A}.Release|x64.ActiveCfg = Release|Any CPU
		{D8A40D56-10CE-48BA-BFBD-D7786ACB248A}.Release|x64.Build.0 = Release|Any CPU
		{D8A40D56-10CE-48BA-BFBD-D7786ACB248A}.Release|x86.ActiveCfg = Release|Any CPU
		{D8A40D56-10CE-48BA-BFBD-D7786ACB248A}.Release|x86.Build.0 = Release|Any CPU
		{023D0668-2FB9-4378-A4A8-74B19435063C}.Debug|Any CPU.ActiveCfg = Debug|x64
		{023D0668-2FB9-4378-A4A8-74B19435063C}.Debug|Any CPU.Build.0 = Debug|x64
		{023D0668-2FB9-4378-A4A8-74B19435063C}.Debug|Any CPU.Deploy.0 = Debug|x64
		{023D0668-2FB9-4378-A4A8-74B19435063C}.Debug|ARM.ActiveCfg = Debug|ARM
		{023D0668-2FB9-4378-A4A8-74B19435063C}.Debug|ARM.Build.0 = Debug|ARM
		{023D0668-2FB9-4378-A4A8-74B19435063C}.Debug|ARM.Deploy.0 = Debug|ARM
		{023D0668-2FB9-4378-A4A8-74B19435063C}.Debug|ARM64.ActiveCfg = Debug|ARM64
		{023D0668-2FB9-4378-A4A8-74B19435063C}.Debug|ARM64.Build.0 = Debug|ARM64
		{023D0668-2FB9-4378-A4A8-74B19435063C}.Debug|ARM64.Deploy.0 = Debug|ARM64
		{023D0668-2FB9-4378-A4A8-74B19435063C}.Debug|x64.ActiveCfg = Debug|x64
		{023D0668-2FB9-4378-A4A8-74B19435063C}.Debug|x64.Build.0 = Debug|x64
		{023D0668-2FB9-4378-A4A8-74B19435063C}.Debug|x64.Deploy.0 = Debug|x64
		{023D0668-2FB9-4378-A4A8-74B19435063C}.Debug|x86.ActiveCfg = Debug|x86
		{023D0668-2FB9-4378-A4A8-74B19435063C}.Debug|x86.Build.0 = Debug|x86
		{023D0668-2FB9-4378-A4A8-74B19435063C}.Debug|x86.Deploy.0 = Debug|x86
		{023D0668-2FB9-4378-A4A8-74B19435063C}.Release|Any CPU.ActiveCfg = Release|x64
		{023D0668-2FB9-4378-A4A8-74B19435063C}.Release|Any CPU.Build.0 = Release|x64
		{023D0668-2FB9-4378-A4A8-74B19435063C}.Release|Any CPU.Deploy.0 = Release|x64
		{023D0668-2FB9-4378-A4A8-74B19435063C}.Release|ARM.ActiveCfg = Release|ARM
		{023D0668-2FB9-4378-A4A8-74B19435063C}.Release|ARM.Build.0 = Release|ARM
		{023D0668-2FB9-4378-A4A8-74B19435063C}.Release|ARM.Deploy.0 = Release|ARM
		{023D0668-2FB9-4378-A4A8-74B19435063C}.Release|ARM64.ActiveCfg = Release|ARM64
		{023D0668-2FB9-4378-A4A8-74B19435063C}.Release|ARM64.Build.0 = Release|ARM64
		{023D0668-2FB9-4378-A4A8-74B19435063C}.Release|ARM64.Deploy.0 = Release|ARM64
		{023D0668-2FB9-4378-A4A8-74B19435063C}.Release|x64.ActiveCfg = Release|x64
		{023D0668-2FB9-4378-A4A8-74B19435063C}.Release|x64.Build.0 = Release|x64
		{023D0668-2FB9-4378-A4A8-74B19435063C}.Release|x64.Deploy.0 = Release|x64
		{023D0668-2FB9-4378-A4A8-74B19435063C}.Release|x86.ActiveCfg = Release|x86
		{023D0668-2FB9-4378-A4A8-74B19435063C}.Release|x86.Build.0 = Release|x86
		{023D0668-2FB9-4378-A4A8-74B19435063C}.Release|x86.Deploy.0 = Release|x86
		{EFB1EB71-064D-417E-855B-11175754A250}.Debug|Any CPU.ActiveCfg = Debug|Any CPU
		{EFB1EB71-064D-417E-855B-11175754A250}.Debug|Any CPU.Build.0 = Debug|Any CPU
		{EFB1EB71-064D-417E-855B-11175754A250}.Debug|ARM.ActiveCfg = Debug|Any CPU
		{EFB1EB71-064D-417E-855B-11175754A250}.Debug|ARM.Build.0 = Debug|Any CPU
		{EFB1EB71-064D-417E-855B-11175754A250}.Debug|ARM64.ActiveCfg = Debug|Any CPU
		{EFB1EB71-064D-417E-855B-11175754A250}.Debug|ARM64.Build.0 = Debug|Any CPU
		{EFB1EB71-064D-417E-855B-11175754A250}.Debug|x64.ActiveCfg = Debug|Any CPU
		{EFB1EB71-064D-417E-855B-11175754A250}.Debug|x64.Build.0 = Debug|Any CPU
		{EFB1EB71-064D-417E-855B-11175754A250}.Debug|x86.ActiveCfg = Debug|Any CPU
		{EFB1EB71-064D-417E-855B-11175754A250}.Debug|x86.Build.0 = Debug|Any CPU
		{EFB1EB71-064D-417E-855B-11175754A250}.Release|Any CPU.ActiveCfg = Release|Any CPU
		{EFB1EB71-064D-417E-855B-11175754A250}.Release|Any CPU.Build.0 = Release|Any CPU
		{EFB1EB71-064D-417E-855B-11175754A250}.Release|ARM.ActiveCfg = Release|Any CPU
		{EFB1EB71-064D-417E-855B-11175754A250}.Release|ARM.Build.0 = Release|Any CPU
		{EFB1EB71-064D-417E-855B-11175754A250}.Release|ARM64.ActiveCfg = Release|Any CPU
		{EFB1EB71-064D-417E-855B-11175754A250}.Release|ARM64.Build.0 = Release|Any CPU
		{EFB1EB71-064D-417E-855B-11175754A250}.Release|x64.ActiveCfg = Release|Any CPU
		{EFB1EB71-064D-417E-855B-11175754A250}.Release|x64.Build.0 = Release|Any CPU
		{EFB1EB71-064D-417E-855B-11175754A250}.Release|x86.ActiveCfg = Release|Any CPU
		{EFB1EB71-064D-417E-855B-11175754A250}.Release|x86.Build.0 = Release|Any CPU
	EndGlobalSection
	GlobalSection(SolutionProperties) = preSolution
		HideSolutionNode = FALSE
	EndGlobalSection
	GlobalSection(ExtensibilityGlobals) = postSolution
		SolutionGuid = {DE0ED79F-AB31-4C6B-A8E0-A25A89C329B8}
	EndGlobalSection
EndGlobal
